
Microsoft Visual Studio Solution File, Format Version 12.00
# Visual Studio 15
VisualStudioVersion = 15.0.28010.2003
MinimumVisualStudioVersion = 10.0.40219.1
Project("{FAE04EC0-301F-11D3-BF4B-00C04F79EFBC}") = "HamperStoreWeb", "HamperStoreWeb\HamperStoreWeb.csproj", "{526F6DA6-B0AA-4EB9-876B-B3DF131FBBAA}"
EndProject
Global
	GlobalSection(SolutionConfigurationPlatforms) = preSolution
		Debug|Any CPU = Debug|Any CPU
		Release|Any CPU = Release|Any CPU
	EndGlobalSection
	GlobalSection(ProjectConfigurationPlatforms) = postSolution
		{526F6DA6-B0AA-4EB9-876B-B3DF131FBBAA}.Debug|Any CPU.ActiveCfg = Debug|Any CPU
		{526F6DA6-B0AA-4EB9-876B-B3DF131FBBAA}.Debug|Any CPU.Build.0 = Debug|Any CPU
		{526F6DA6-B0AA-4EB9-876B-B3DF131FBBAA}.Release|Any CPU.ActiveCfg = Release|Any CPU
		{526F6DA6-B0AA-4EB9-876B-B3DF131FBBAA}.Release|Any CPU.Build.0 = Release|Any CPU
	EndGlobalSection
	GlobalSection(SolutionProperties) = preSolution
		HideSolutionNode = FALSE
	EndGlobalSection
	GlobalSection(ExtensibilityGlobals) = postSolution
		SolutionGuid = {99D0B727-72E4-448B-9C90-1EDAE5E9A2A3}
	EndGlobalSection
EndGlobal
